github.com/cilium/ebpf v0.10.0 h1:nk5HPMeoBXtOzbkZBWym+ZWq1GIiHUsBFXxwewXAHLQ=
github.com/cilium/ebpf v0.10.0/go.mod h1:DPiVdY/kT534dgc9ERmvP8mWA+9gvwgKfRvk4nNWnoE=
golang.org/x/sys v0.7.0 h1:3jlCCIQZPdOYu1h8BkNvLz8Kgwtae2cagcG/VamtZRU=
golang.org/x/sys v0.7.0/go.mod h1:oPkhp1MJrh7nUepCBck5+mAzfO9JrbApNNgaTdGDITg=
